
Microsoft Visual Studio Solution File, Format Version 12.00
# Visual Studio 15
VisualStudioVersion = 15.0.28010.2046
MinimumVisualStudioVersion = 10.0.40219.1
Project("{FAE04EC0-301F-11D3-BF4B-00C04F79EFBC}") = "Hanuman", "Hanuman\Hanuman.csproj", "{4883AC7D-D534-4FC5-81EB-64C5B383EEE9}"
EndProject
Global
	GlobalSection(SolutionConfigurationPlatforms) = preSolution
		Debug|Any CPU = Debug|Any CPU
		Release|Any CPU = Release|Any CPU
	EndGlobalSection
	GlobalSection(ProjectConfigurationPlatforms) = postSolution
		{4883AC7D-D534-4FC5-81EB-64C5B383EEE9}.Debug|Any CPU.ActiveCfg = Debug|Any CPU
		{4883AC7D-D534-4FC5-81EB-64C5B383EEE9}.Debug|Any CPU.Build.0 = Debug|Any CPU
		{4883AC7D-D534-4FC5-81EB-64C5B383EEE9}.Release|Any CPU.ActiveCfg = Release|Any CPU
		{4883AC7D-D534-4FC5-81EB-64C5B383EEE9}.Release|Any CPU.Build.0 = Release|Any CPU
	EndGlobalSection
	GlobalSection(SolutionProperties) = preSolution
		HideSolutionNode = FALSE
	EndGlobalSection
	GlobalSection(ExtensibilityGlobals) = postSolution
		SolutionGuid = {10578DC4-5565-4159-B7CC-7224DA1E25AC}
	EndGlobalSection
EndGlobal
